
Microsoft Visual Studio Solution File, Format Version 12.00
# Visual Studio Version 16
VisualStudioVersion = 16.0.31019.35
MinimumVisualStudioVersion = 10.0.40219.1
Project("{FAE04EC0-301F-11D3-BF4B-00C04F79EFBC}") = "ExtensionHelpers", "ExtensionHelpers\ExtensionHelpers.csproj", "{EAB2069D-A08F-4954-8539-F3D5E9F58640}"
EndProject
Global
	GlobalSection(SolutionConfigurationPlatforms) = preSolution
		Debug|Any CPU = Debug|Any CPU
		Release|Any CPU = Release|Any CPU
	EndGlobalSection
	GlobalSection(ProjectConfigurationPlatforms) = postSolution
		{EAB2069D-A08F-4954-8539-F3D5E9F58640}.Debug|Any CPU.ActiveCfg = Debug|Any CPU
		{EAB2069D-A08F-4954-8539-F3D5E9F58640}.Debug|Any CPU.Build.0 = Debug|Any CPU
		{EAB2069D-A08F-4954-8539-F3D5E9F58640}.Release|Any CPU.ActiveCfg = Release|Any CPU
		{EAB2069D-A08F-4954-8539-F3D5E9F58640}.Release|Any CPU.Build.0 = Release|Any CPU
	EndGlobalSection
	GlobalSection(SolutionProperties) = preSolution
		HideSolutionNode = FALSE
	EndGlobalSection
	GlobalSection(ExtensibilityGlobals) = postSolution
		SolutionGuid = {18E029B6-AA03-4075-A586-ABA160AD241D}
	EndGlobalSection
EndGlobal
